
Microsoft Visual Studio Solution File, Format Version 12.00
# Visual Studio 15
VisualStudioVersion = 15.0.26730.12
MinimumVisualStudioVersion = 10.0.40219.1
Project("{FAE04EC0-301F-11D3-BF4B-00C04F79EFBC}") = "MicrowaveOvenClasses", "MicrowaveOvenClasses\MicrowaveOvenClasses.csproj", "{2B04DA6B-AFE9-4548-AA05-84D806BA0FA4}"
EndProject
Project("{FAE04EC0-301F-11D3-BF4B-00C04F79EFBC}") = "Microwave.Test.Unit", "Microwave.Test.Unit\Microwave.Test.Unit.csproj", "{2B2735BA-EF0A-42C4-8457-25786ACF90D9}"
EndProject
Project("{F088123C-0E9E-452A-89E6-6BA2F21D5CAC}") = "MicrowaveDependencyValidation", "MicrowaveDependencyValidation\MicrowaveDependencyValidation.modelproj", "{D5420DC2-8551-451C-BB0A-E3F434F8151C}"
EndProject
Project("{FAE04EC0-301F-11D3-BF4B-00C04F79EFBC}") = "Mircowave.Test.Integration", "Mircowave.Test.Integration\Mircowave.Test.Integration.csproj", "{677E615D-1EDE-46F3-B7EB-D4A6C0B15DD0}"
EndProject
Global
	GlobalSection(SolutionConfigurationPlatforms) = preSolution
		Debug|Any CPU = Debug|Any CPU
		Release|Any CPU = Release|Any CPU
	EndGlobalSection
	GlobalSection(ProjectConfigurationPlatforms) = postSolution
		{2B04DA6B-AFE9-4548-AA05-84D806BA0FA4}.Debug|Any CPU.ActiveCfg = Debug|Any CPU
		{2B04DA6B-AFE9-4548-AA05-84D806BA0FA4}.Debug|Any CPU.Build.0 = Debug|Any CPU
		{2B04DA6B-AFE9-4548-AA05-84D806BA0FA4}.Release|Any CPU.ActiveCfg = Release|Any CPU
		{2B04DA6B-AFE9-4548-AA05-84D806BA0FA4}.Release|Any CPU.Build.0 = Release|Any CPU
		{2B2735BA-EF0A-42C4-8457-25786ACF90D9}.Debug|Any CPU.ActiveCfg = Debug|Any CPU
		{2B2735BA-EF0A-42C4-8457-25786ACF90D9}.Debug|Any CPU.Build.0 = Debug|Any CPU
		{2B2735BA-EF0A-42C4-8457-25786ACF90D9}.Release|Any CPU.ActiveCfg = Release|Any CPU
		{2B2735BA-EF0A-42C4-8457-25786ACF90D9}.Release|Any CPU.Build.0 = Release|Any CPU
		{D5420DC2-8551-451C-BB0A-E3F434F8151C}.Debug|Any CPU.ActiveCfg = Debug|Any CPU
		{D5420DC2-8551-451C-BB0A-E3F434F8151C}.Debug|Any CPU.Build.0 = Debug|Any CPU
		{D5420DC2-8551-451C-BB0A-E3F434F8151C}.Release|Any CPU.ActiveCfg = Release|Any CPU
		{D5420DC2-8551-451C-BB0A-E3F434F8151C}.Release|Any CPU.Build.0 = Release|Any CPU
		{677E615D-1EDE-46F3-B7EB-D4A6C0B15DD0}.Debug|Any CPU.ActiveCfg = Debug|Any CPU
		{677E615D-1EDE-46F3-B7EB-D4A6C0B15DD0}.Debug|Any CPU.Build.0 = Debug|Any CPU
		{677E615D-1EDE-46F3-B7EB-D4A6C0B15DD0}.Release|Any CPU.ActiveCfg = Release|Any CPU
		{677E615D-1EDE-46F3-B7EB-D4A6C0B15DD0}.Release|Any CPU.Build.0 = Release|Any CPU
	EndGlobalSection
	GlobalSection(SolutionProperties) = preSolution
		HideSolutionNode = FALSE
	EndGlobalSection
	GlobalSection(ExtensibilityGlobals) = postSolution
		SolutionGuid = {5EE34A8E-14B1-4442-A68F-ADB18E248788}
	EndGlobalSection
EndGlobal
